// !$*UTF8*$!
{
	archiveVersion = 1;
	classes = {
	};
	objectVersion = 50;
	objects = {

/* Begin PBXBuildFile section */
		65D7293520FFC9AC000AEED2 /* AppDelegate.m in Sources */ = {isa = PBXBuildFile; fileRef = 65D7293420FFC9AC000AEED2 /* AppDelegate.m */; };
		65D7293820FFC9AC000AEED2 /* ViewController.m in Sources */ = {isa = PBXBuildFile; fileRef = 65D7293720FFC9AC000AEED2 /* ViewController.m */; };
		65D7293B20FFC9AC000AEED2 /* Main.storyboard in Resources */ = {isa = PBXBuildFile; fileRef = 65D7293920FFC9AC000AEED2 /* Main.storyboard */; };
		65D7293D20FFC9AD000AEED2 /* Assets.xcassets in Resources */ = {isa = PBXBuildFile; fileRef = 65D7293C20FFC9AD000AEED2 /* Assets.xcassets */; };
		65D7294020FFC9AD000AEED2 /* LaunchScreen.storyboard in Resources */ = {isa = PBXBuildFile; fileRef = 65D7293E20FFC9AD000AEED2 /* LaunchScreen.storyboard */; };
		65D7294320FFC9AD000AEED2 /* main.m in Sources */ = {isa = PBXBuildFile; fileRef = 65D7294220FFC9AD000AEED2 /* main.m */; };
/* End PBXBuildFile section */

/* Begin PBXFileReference section */
		65D7293020FFC9AC000AEED2 /* NibExample.app */ = {isa = PBXFileReference; explicitFileType = wrapper.application; includeInIndex = 0; path = NibExample.app; sourceTree = BUILT_PRODUCTS_DIR; };
		65D7293320FFC9AC000AEED2 /* AppDelegate.h */ = {isa = PBXFileReference; lastKnownFileType = sourcecode.c.h; path = AppDelegate.h; sourceTree = "<group>"; };
		65D7293420FFC9AC000AEED2 /* AppDelegate.m */ = {isa = PBXFileReference; lastKnownFileType = sourcecode.c.objc; path = AppDelegate.m; sourceTree = "<group>"; };
		65D7293620FFC9AC000AEED2 /* ViewController.h */ = {isa = PBXFileReference; lastKnownFileType = sourcecode.c.h; path = ViewController.h; sourceTree = "<group>"; };
		65D7293720FFC9AC000AEED2 /* ViewController.m */ = {isa = PBXFileReference; lastKnownFileType = sourcecode.c.objc; path = ViewController.m; sourceTree = "<group>"; };
		65D7293A20FFC9AC000AEED2 /* Base */ = {isa = PBXFileReference; lastKnownFileType = file.storyboard; name = Base; path = Base.lproj/Main.storyboard; sourceTree = "<group>"; };
		65D7293C20FFC9AD000AEED2 /* Assets.xcassets */ = {isa = PBXFileReference; lastKnownFileType = folder.assetcatalog; path = Assets.xcassets; sourceTree = "<group>"; };
		65D7293F20FFC9AD000AEED2 /* Base */ = {isa = PBXFileReference; lastKnownFileType = file.storyboard; name = Base; path = Base.lproj/LaunchScreen.storyboard; sourceTree = "<group>"; };
		65D7294120FFC9AD000AEED2 /* Info.plist */ = {isa = PBXFileReference; lastKnownFileType = text.plist.xml; path = Info.plist; sourceTree = "<group>"; };
		65D7294220FFC9AD000AEED2 /* main.m */ = {isa = PBXFileReference; lastKnownFileType = sourcecode.c.objc; path = main.m; sourceTree = "<group>"; };
/* End PBXFileReference section */

/* Begin PBXFrameworksBuildPhase section */
		65D7292D20FFC9AC000AEED2 /* Frameworks */ = {
			isa = PBXFrameworksBuildPhase;
			buildActionMask = 2147483647;
			files = (
			);
			runOnlyForDeploymentPostprocessing = 0;
		};
/* End PBXFrameworksBuildPhase section */

/* Begin PBXGroup section */
		65D7292720FFC9AC000AEED2 = {
			isa = PBXGroup;
			children = (
				65D7293220FFC9AC000AEED2 /* NibExample */,
				65D7293120FFC9AC000AEED2 /* Products */,
			);
			sourceTree = "<group>";
		};
		65D7293120FFC9AC000AEED2 /* Products */ = {
			isa = PBXGroup;
			children = (
				65D7293020FFC9AC000AEED2 /* NibExample.app */,
			);
			name = Products;
			sourceTree = "<group>";
		};
		65D7293220FFC9AC000AEED2 /* NibExample */ = {
			isa = PBXGroup;
			children = (
				65D7293320FFC9AC000AEED2 /* AppDelegate.h */,
				65D7293420FFC9AC000AEED2 /* AppDelegate.m */,
				65D7293620FFC9AC000AEED2 /* ViewController.h */,
				65D7293720FFC9AC000AEED2 /* ViewController.m */,
				65D7293920FFC9AC000AEED2 /* Main.storyboard */,
				65D7293C20FFC9AD000AEED2 /* Assets.xcassets */,
				65D7293E20FFC9AD000AEED2 /* LaunchScreen.storyboard */,
				65D7294120FFC9AD000AEED2 /* Info.plist */,
				65D7294220FFC9AD000AEED2 /* main.m */,
			);
			path = NibExample;
			sourceTree = "<group>";
		};
/* End PBXGroup section */

/* Begin PBXNativeTarget section */
		65D7292F20FFC9AC000AEED2 /* NibExample */ = {
			isa = PBXNativeTarget;
			buildConfigurationList = 65D7294620FFC9AD000AEED2 /* Build configuration list for PBXNativeTarget "NibExample" */;
			buildPhases = (
				65D7292C20FFC9AC000AEED2 /* Sources */,
				65D7292D20FFC9AC000AEED2 /* Frameworks */,
				65D7292E20FFC9AC000AEED2 /* Resources */,
			);
			buildRules = (
			);
			dependencies = (
			);
			name = NibExample;
			productName = NibExample;
			productReference = 65D7293020FFC9AC000AEED2 /* NibExample.app */;
			productType = "com.apple.product-type.application";
		};
/* End PBXNativeTarget section */

/* Begin PBXProject section */
		65D7292820FFC9AC000AEED2 /* Project object */ = {
			isa = PBXProject;
			attributes = {
				LastUpgradeCheck = 0940;
				ORGANIZATIONNAME = "Nick Swift";
				TargetAttributes = {
					65D7292F20FFC9AC000AEED2 = {
						CreatedOnToolsVersion = 9.4.1;
					};
				};
			};
			buildConfigurationList = 65D7292B20FFC9AC000AEED2 /* Build configuration list for PBXProject "NibExample" */;
			compatibilityVersion = "Xcode 9.3";
			developmentRegion = en;
			hasScannedForEncodings = 0;
			knownRegions = (
				en,
				Base,
			);
			mainGroup = 65D7292720FFC9AC000AEED2;
			productRefGroup = 65D7293120FFC9AC000AEED2 /* Products */;
			projectDirPath = "";
			projectRoot = "";
			targets = (
				65D7292F20FFC9AC000AEED2 /* NibExample */,
			);
		};
/* End PBXProject section */

/* Begin PBXResourcesBuildPhase section */
		65D7292E20FFC9AC000AEED2 /* Resources */ = {
			isa = PBXResourcesBuildPhase;
			buildActionMask = 2147483647;
			files = (
				65D7294020FFC9AD000AEED2 /* LaunchScreen.storyboard in Resources */,
				65D7293D20FFC9AD000AEED2 /* Assets.xcassets in Resources */,
				65D7293B20FFC9AC000AEED2 /* Main.storyboard in Resources */,
			);
			runOnlyForDeploymentPostprocessing = 0;
		};
/* End PBXResourcesBuildPhase section */

/* Begin PBXSourcesBuildPhase section */
		65D7292C20FFC9AC000AEED2 /* Sources */ = {
			isa = PBXSourcesBuildPhase;
			buildActionMask = 2147483647;
			files = (
				65D7293820FFC9AC000AEED2 /* ViewController.m in Sources */,
				65D7294320FFC9AD000AEED2 /* main.m in Sources */,
				65D7293520FFC9AC000AEED2 /* AppDelegate.m in Sources */,
			);
			runOnlyForDeploymentPostprocessing = 0;
		};
/* End PBXSourcesBuildPhase section */

/* Begin PBXVariantGroup section */
		65D7293920FFC9AC000AEED2 /* Main.storyboard */ = {
			isa = PBXVariantGroup;
			children = (
				65D7293A20FFC9AC000AEED2 /* Base */,
			);
			name = Main.storyboard;
			sourceTree = "<group>";
		};
		65D7293E20FFC9AD000AEED2 /* LaunchScreen.storyboard */ = {
			isa = PBXVariantGroup;
			children = (
				65D7293F20FFC9AD000AEED2 /* Base */,
			);
			name = LaunchScreen.storyboard;
			sourceTree = "<group>";
		};
/* End PBXVariantGroup section */

/* Begin XCBuildConfiguration section */
		65D7294420FFC9AD000AEED2 /* Debug */ = {
			isa = XCBuildConfiguration;
			buildSettings = {
				ALWAYS_SEARCH_USER_PATHS = NO;
				CLANG_ANALYZER_NONNULL = YES;
				CLANG_ANALYZER_NUMBER_OBJECT_CONVERSION = YES_AGGRESSIVE;
				CLANG_CXX_LANGUAGE_STANDARD = "gnu++14";
				CLANG_CXX_LIBRARY = "libc++";
				CLANG_ENABLE_MODULES = YES;
				CLANG_ENABLE_OBJC_ARC = YES;
				CLANG_ENABLE_OBJC_WEAK = YES;
				CLANG_WARN_BLOCK_CAPTURE_AUTORELEASING = YES;
				CLANG_WARN_BOOL_CONVERSION = YES;
				CLANG_WARN_COMMA = YES;
				CLANG_WARN_CONSTANT_CONVERSION = YES;
				CLANG_WARN_DEPRECATED_OBJC_IMPLEMENTATIONS = YES;
				CLANG_WARN_DIRECT_OBJC_ISA_USAGE = YES_ERROR;
				CLANG_WARN_DOCUMENTATION_COMMENTS = YES;
				CLANG_WARN_EMPTY_BODY = YES;
				CLANG_WARN_ENUM_CONVERSION = YES;
				CLANG_WARN_INFINITE_RECURSION = YES;
				CLANG_WARN_INT_CONVERSION = YES;
				CLANG_WARN_NON_LITERAL_NULL_CONVERSION = YES;
				CLANG_WARN_OBJC_IMPLICIT_RETAIN_SELF = YES;
				CLANG_WARN_OBJC_LITERAL_CONVERSION = YES;
				CLANG_WARN_OBJC_ROOT_CLASS = YES_ERROR;
				CLANG_WARN_RANGE_LOOP_ANALYSIS = YES;
				CLANG_WARN_STRICT_PROTOTYPES = YES;
				CLANG_WARN_SUSPICIOUS_MOVE = YES;
				CLANG_WARN_UNGUARDED_AVAILABILITY = YES_AGGRESSIVE;
				CLANG_WARN_UNREACHABLE_CODE = YES;
				CLANG_WARN__DUPLICATE_METHOD_MATCH = YES;
				CODE_SIGN_IDENTITY = "iPhone Developer";
				COPY_PHASE_STRIP = NO;
				DEBUG_INFORMATION_FORMAT = dwarf;
				ENABLE_STRICT_OBJC_MSGSEND = YES;
				ENABLE_TESTABILITY = YES;
				GCC_C_LANGUAGE_STANDARD = gnu11;
				GCC_DYNAMIC_NO_PIC = NO;
				GCC_NO_COMMON_BLOCKS = YES;
				GCC_OPTIMIZATION_LEVEL = 0;
				GCC_PREPROCESSOR_DEFINITIONS = (
					"DEBUG=1",
					"$(inherited)",
				);
				GCC_WARN_64_TO_32_BIT_CONVERSION = YES;
				GCC_WARN_ABOUT_RETURN_TYPE = YES_ERROR;
				GCC_WARN_UNDECLARED_SELECTOR = YES;
				GCC_WARN_UNINITIALIZED_AUTOS = YES_AGGRESSIVE;
				GCC_WARN_UNUSED_FUNCTION = YES;
				GCC_WARN_UNUSED_VARIABLE = YES;
				IPHONEOS_DEPLOYMENT_TARGET = 11.4;
				MTL_ENABLE_DEBUG_INFO = YES;
				ONLY_ACTIVE_ARCH = YES;
				SDKROOT = iphoneos;
			};
			name = Debug;
		};
		65D7294520FFC9AD000AEED2 /* Release */ = {
			isa = XCBuildConfiguration;
			buildSettings = {
				ALWAYS_SEARCH_USER_PATHS = NO;
				CLANG_ANALYZER_NONNULL = YES;
				CLANG_ANALYZER_NUMBER_OBJECT_CONVERSION = YES_AGGRESSIVE;
				CLANG_CXX_LANGUAGE_STANDARD = "gnu++14";
				CLANG_CXX_LIBRARY = "libc++";
				CLANG_ENABLE_MODULES = YES;
				CLANG_ENABLE_OBJC_ARC = YES;
				CLANG_ENABLE_OBJC_WEAK = YES;
				CLANG_WARN_BLOCK_CAPTURE_AUTORELEASING = YES;
				CLANG_WARN_BOOL_CONVERSION = YES;
				CLANG_WARN_COMMA = YES;
				CLANG_WARN_CONSTANT_CONVERSION = YES;
				CLANG_WARN_DEPRECATED_OBJC_IMPLEMENTATIONS = YES;
				CLANG_WARN_DIRECT_OBJC_ISA_USAGE = YES_ERROR;
				CLANG_WARN_DOCUMENTATION_COMMENTS = YES;
				CLANG_WARN_EMPTY_BODY = YES;
				CLANG_WARN_ENUM_CONVERSION = YES;
				CLANG_WARN_INFINITE_RECURSION = YES;
				CLANG_WARN_INT_CONVERSION = YES;
				CLANG_WARN_NON_LITERAL_NULL_CONVERSION = YES;
				CLANG_WARN_OBJC_IMPLICIT_RETAIN_SELF = YES;
				CLANG_WARN_OBJC_LITERAL_CONVERSION = YES;
				CLANG_WARN_OBJC_ROOT_CLASS = YES_ERROR;
				CLANG_WARN_RANGE_LOOP_ANALYSIS = YES;
				CLANG_WARN_STRICT_PROTOTYPES = YES;
				CLANG_WARN_SUSPICIOUS_MOVE = YES;
				CLANG_WARN_UNGUARDED_AVAILABILITY = YES_AGGRESSIVE;
				CLANG_WARN_UNREACHABLE_CODE = YES;
				CLANG_WARN__DUPLICATE_METHOD_MATCH = YES;
				CODE_SIGN_IDENTITY = "iPhone Developer";
				COPY_PHASE_STRIP = NO;
				DEBUG_INFORMATION_FORMAT = "dwarf-with-dsym";
				ENABLE_NS_ASSERTIONS = NO;
				ENABLE_STRICT_OBJC_MSGSEND = YES;
				GCC_C_LANGUAGE_STANDARD = gnu11;
				GCC_NO_COMMON_BLOCKS = YES;
				GCC_WARN_64_TO_32_BIT_CONVERSION = YES;
				GCC_WARN_ABOUT_RETURN_TYPE = YES_ERROR;
				GCC_WARN_UNDECLARED_SELECTOR = YES;
				GCC_WARN_UNINITIALIZED_AUTOS = YES_AGGRESSIVE;
				GCC_WARN_UNUSED_FUNCTION = YES;
				GCC_WARN_UNUSED_VARIABLE = YES;
				IPHONEOS_DEPLOYMENT_TARGET = 11.4;
				MTL_ENABLE_DEBUG_INFO = NO;
				SDKROOT = iphoneos;
				VALIDATE_PRODUCT = YES;
			};
			name = Release;
		};
		65D7294720FFC9AD000AEED2 /* Debug */ = {
			isa = XCBuildConfiguration;
			buildSettings = {
				ASSETCATALOG_COMPILER_APPICON_NAME = AppIcon;
				CODE_SIGN_STYLE = Automatic;
				DEVELOPMENT_TEAM = WTHBF7L2UE;
				INFOPLIST_FILE = NibExample/Info.plist;
				LD_RUNPATH_SEARCH_PATHS = (
					"$(inherited)",
					"@executable_path/Frameworks",
				);
				PRODUCT_BUNDLE_IDENTIFIER = "com.nicholas-swift.NibExample";
				PRODUCT_NAME = "$(TARGET_NAME)";
				TARGETED_DEVICE_FAMILY = "1,2";
			};
			name = Debug;
		};
		65D7294820FFC9AD000AEED2 /* Release */ = {
			isa = XCBuildConfiguration;
			buildSettings = {
				ASSETCATALOG_COMPILER_APPICON_NAME = AppIcon;
				CODE_SIGN_STYLE = Automatic;
				DEVELOPMENT_TEAM = WTHBF7L2UE;
				INFOPLIST_FILE = NibExample/Info.plist;
				LD_RUNPATH_SEARCH_PATHS = (
					"$(inherited)",
					"@executable_path/Frameworks",
				);
				PRODUCT_BUNDLE_IDENTIFIER = "com.nicholas-swift.NibExample";
				PRODUCT_NAME = "$(TARGET_NAME)";
				TARGETED_DEVICE_FAMILY = "1,2";
			};
			name = Release;
		};
/* End XCBuildConfiguration section */

/* Begin XCConfigurationList section */
		65D7292B20FFC9AC000AEED2 /* Build configuration list for PBXProject "NibExample" */ = {
			isa = XCConfigurationList;
			buildConfigurations = (
				65D7294420FFC9AD000AEED2 /* Debug */,
				65D7294520FFC9AD000AEED2 /* Release */,
			);
			defaultConfigurationIsVisible = 0;
			defaultConfigurationName = Release;
		};
		65D7294620FFC9AD000AEED2 /* Build configuration list for PBXNativeTarget "NibExample" */ = {
			isa = XCConfigurationList;
			buildConfigurations = (
				65D7294720FFC9AD000AEED2 /* Debug */,
				65D7294820FFC9AD000AEED2 /* Release */,
			);
			defaultConfigurationIsVisible = 0;
			defaultConfigurationName = Release;
		};
/* End XCConfigurationList section */
	};
	rootObject = 65D7292820FFC9AC000AEED2 /* Project object */;
}
